
Microsoft Visual Studio Solution File, Format Version 12.00
# Visual Studio Version 17
VisualStudioVersion = 17.10.35122.118
MinimumVisualStudioVersion = 10.0.40219.1
Project("{9A19103F-16F7-4668-BE54-9A1E7A4F7556}") = "Situations.Core.Tests", "Situations.Tests\Situations.Core.Tests.csproj", "{08B9175C-1633-4C9F-A87D-13F305543027}"
EndProject
Project("{9A19103F-16F7-4668-BE54-9A1E7A4F7556}") = "Situations.Moq", "Situations.Moq\Situations.Moq.csproj", "{5DDA5CA1-B028-4D24-B0BA-80DA02A1350E}"
EndProject
Project("{9A19103F-16F7-4668-BE54-9A1E7A4F7556}") = "Situations.Sample", "Situations.Sample\Situations.Sample.csproj", "{DDA95447-1414-4831-B879-9B1F53C2B1B1}"
EndProject
Project("{9A19103F-16F7-4668-BE54-9A1E7A4F7556}") = "Situations.Core", "Situations.Core\Situations.Core.csproj", "{94130762-5BB3-4B8A-AFF7-9292B507835E}"
EndProject
Project("{9A19103F-16F7-4668-BE54-9A1E7A4F7556}") = "Situations.Sample.Tests", "Situations.Sample.Tests\Situations.Sample.Tests.csproj", "{B370E9D4-B5F3-4052-BAB4-5B7E2A239F83}"
EndProject
Global
	GlobalSection(SolutionConfigurationPlatforms) = preSolution
		Debug|Any CPU = Debug|Any CPU
		Release|Any CPU = Release|Any CPU
	EndGlobalSection
	GlobalSection(ProjectConfigurationPlatforms) = postSolution
		{08B9175C-1633-4C9F-A87D-13F305543027}.Debug|Any CPU.ActiveCfg = Debug|Any CPU
		{08B9175C-1633-4C9F-A87D-13F305543027}.Debug|Any CPU.Build.0 = Debug|Any CPU
		{08B9175C-1633-4C9F-A87D-13F305543027}.Release|Any CPU.ActiveCfg = Release|Any CPU
		{08B9175C-1633-4C9F-A87D-13F305543027}.Release|Any CPU.Build.0 = Release|Any CPU
		{5DDA5CA1-B028-4D24-B0BA-80DA02A1350E}.Debug|Any CPU.ActiveCfg = Debug|Any CPU
		{5DDA5CA1-B028-4D24-B0BA-80DA02A1350E}.Debug|Any CPU.Build.0 = Debug|Any CPU
		{5DDA5CA1-B028-4D24-B0BA-80DA02A1350E}.Release|Any CPU.ActiveCfg = Release|Any CPU
		{5DDA5CA1-B028-4D24-B0BA-80DA02A1350E}.Release|Any CPU.Build.0 = Release|Any CPU
		{DDA95447-1414-4831-B879-9B1F53C2B1B1}.Debug|Any CPU.ActiveCfg = Debug|Any CPU
		{DDA95447-1414-4831-B879-9B1F53C2B1B1}.Debug|Any CPU.Build.0 = Debug|Any CPU
		{DDA95447-1414-4831-B879-9B1F53C2B1B1}.Release|Any CPU.ActiveCfg = Release|Any CPU
		{DDA95447-1414-4831-B879-9B1F53C2B1B1}.Release|Any CPU.Build.0 = Release|Any CPU
		{94130762-5BB3-4B8A-AFF7-9292B507835E}.Debug|Any CPU.ActiveCfg = Debug|Any CPU
		{94130762-5BB3-4B8A-AFF7-9292B507835E}.Debug|Any CPU.Build.0 = Debug|Any CPU
		{94130762-5BB3-4B8A-AFF7-9292B507835E}.Release|Any CPU.ActiveCfg = Release|Any CPU
		{94130762-5BB3-4B8A-AFF7-9292B507835E}.Release|Any CPU.Build.0 = Release|Any CPU
		{B370E9D4-B5F3-4052-BAB4-5B7E2A239F83}.Debug|Any CPU.ActiveCfg = Debug|Any CPU
		{B370E9D4-B5F3-4052-BAB4-5B7E2A239F83}.Debug|Any CPU.Build.0 = Debug|Any CPU
		{B370E9D4-B5F3-4052-BAB4-5B7E2A239F83}.Release|Any CPU.ActiveCfg = Release|Any CPU
		{B370E9D4-B5F3-4052-BAB4-5B7E2A239F83}.Release|Any CPU.Build.0 = Release|Any CPU
	EndGlobalSection
	GlobalSection(SolutionProperties) = preSolution
		HideSolutionNode = FALSE
	EndGlobalSection
	GlobalSection(ExtensibilityGlobals) = postSolution
		SolutionGuid = {95FC44BC-FC3D-4C44-A873-7A284039583A}
	EndGlobalSection
EndGlobal
